
Microsoft Visual Studio Solution File, Format Version 12.00
# Visual Studio Version 17
VisualStudioVersion = 17.2.32630.192
MinimumVisualStudioVersion = 10.0.40219.1
Project("{9A19103F-16F7-4668-BE54-9A1E7A4F7556}") = "Villians", "Villians.csproj", "{C9773271-9276-4A05-B442-8C82090F5513}"
EndProject
Project("{2150E333-8FDC-42A3-9474-1A3956D46DE8}") = "Solution Items", "Solution Items", "{CE940DD4-8689-408E-B64C-A25C61D211EA}"
	ProjectSection(SolutionItems) = preProject
		.editorconfig = .editorconfig
	EndProjectSection
EndProject
Global
	GlobalSection(SolutionConfigurationPlatforms) = preSolution
		Debug|Any CPU = Debug|Any CPU
		Release|Any CPU = Release|Any CPU
	EndGlobalSection
	GlobalSection(ProjectConfigurationPlatforms) = postSolution
		{C9773271-9276-4A05-B442-8C82090F5513}.Debug|Any CPU.ActiveCfg = Debug|Any CPU
		{C9773271-9276-4A05-B442-8C82090F5513}.Debug|Any CPU.Build.0 = Debug|Any CPU
		{C9773271-9276-4A05-B442-8C82090F5513}.Release|Any CPU.ActiveCfg = Release|Any CPU
		{C9773271-9276-4A05-B442-8C82090F5513}.Release|Any CPU.Build.0 = Release|Any CPU
	EndGlobalSection
	GlobalSection(SolutionProperties) = preSolution
		HideSolutionNode = FALSE
	EndGlobalSection
	GlobalSection(ExtensibilityGlobals) = postSolution
		SolutionGuid = {0C93BA4D-756E-4519-B2A6-5CA9E967A68D}
	EndGlobalSection
EndGlobal
